
Microsoft Visual Studio Solution File, Format Version 12.00
# Visual Studio Version 17
VisualStudioVersion = 17.12.35728.132
MinimumVisualStudioVersion = 10.0.40219.1
Project("{8BC9CEB8-8B4A-11D0-8D11-00A0C91BC942}") = "2523-ClosestPrimeNumbers", "2523-ClosestPrimeNumbers\2523-ClosestPrimeNumbers.vcxproj", "{00FCE58C-95DB-41E4-9E33-20459A632D8E}"
EndProject
Project("{8BC9CEB8-8B4A-11D0-8D11-00A0C91BC942}") = "2523-Test", "2523-Test\2523-Test.vcxproj", "{982017FD-1BF7-4888-8C08-6AE8B9E882B7}"
EndProject
Project("{8BC9CEB8-8B4A-11D0-8D11-00A0C91BC942}") = "3306-CountSubstringsContainingEveryVowelandKConsonantsII", "3306-CountSubstringsContainingEveryVowelandKConsonantsII\3306-CountSubstringsContainingEveryVowelandKConsonantsII.vcxproj", "{D06B3669-D099-46F6-8667-EB1BB19C9ED4}"
EndProject
Project("{8BC9CEB8-8B4A-11D0-8D11-00A0C91BC942}") = "3306-Test", "3306-Test\3306-Test.vcxproj", "{A925D76F-E13D-42F7-9C48-B3CF16F0D3F1}"
EndProject
Project("{2150E333-8FDC-42A3-9474-1A3956D46DE8}") = "Easy", "Easy", "{0298746B-2C36-47D8-9A34-D813E183E701}"
EndProject
Project("{2150E333-8FDC-42A3-9474-1A3956D46DE8}") = "Medium", "Medium", "{B9ADC0AC-485B-4773-80CD-1AFB352D6823}"
EndProject
Project("{2150E333-8FDC-42A3-9474-1A3956D46DE8}") = "Hard", "Hard", "{E2831AA3-AB38-43BF-AC05-59998D7481C2}"
EndProject
Project("{8BC9CEB8-8B4A-11D0-8D11-00A0C91BC942}") = "13-RomanToInteger", "13-RomanToInteger\13-RomanToInteger.vcxproj", "{0F7CF30C-D75B-417F-90F2-14965272172E}"
EndProject
Project("{8BC9CEB8-8B4A-11D0-8D11-00A0C91BC942}") = "13-Test", "13-Test\13-Test.vcxproj", "{E38BCB5C-9F76-4FFA-AC09-F6FF5EB93B31}"
EndProject
Project("{8BC9CEB8-8B4A-11D0-8D11-00A0C91BC942}") = "14-LongestCommonPrefix", "14-LongestCommonPrefix\14-LongestCommonPrefix.vcxproj", "{148D7A13-6400-4C81-8196-D813A30BE02B}"
EndProject
Project("{8BC9CEB8-8B4A-11D0-8D11-00A0C91BC942}") = "14-Test", "14-Test\14-Test.vcxproj", "{54645B3C-8E5C-408D-BF8A-D3EB3287C38A}"
EndProject
Global
	GlobalSection(SolutionConfigurationPlatforms) = preSolution
		Debug|x64 = Debug|x64
		Debug|x86 = Debug|x86
		Release|x64 = Release|x64
		Release|x86 = Release|x86
	EndGlobalSection
	GlobalSection(ProjectConfigurationPlatforms) = postSolution
		{00FCE58C-95DB-41E4-9E33-20459A632D8E}.Debug|x64.ActiveCfg = Debug|x64
		{00FCE58C-95DB-41E4-9E33-20459A632D8E}.Debug|x64.Build.0 = Debug|x64
		{00FCE58C-95DB-41E4-9E33-20459A632D8E}.Debug|x86.ActiveCfg = Debug|Win32
		{00FCE58C-95DB-41E4-9E33-20459A632D8E}.Debug|x86.Build.0 = Debug|Win32
		{00FCE58C-95DB-41E4-9E33-20459A632D8E}.Release|x64.ActiveCfg = Release|x64
		{00FCE58C-95DB-41E4-9E33-20459A632D8E}.Release|x64.Build.0 = Release|x64
		{00FCE58C-95DB-41E4-9E33-20459A632D8E}.Release|x86.ActiveCfg = Release|Win32
		{00FCE58C-95DB-41E4-9E33-20459A632D8E}.Release|x86.Build.0 = Release|Win32
		{982017FD-1BF7-4888-8C08-6AE8B9E882B7}.Debug|x64.ActiveCfg = Debug|x64
		{982017FD-1BF7-4888-8C08-6AE8B9E882B7}.Debug|x64.Build.0 = Debug|x64
		{982017FD-1BF7-4888-8C08-6AE8B9E882B7}.Debug|x86.ActiveCfg = Debug|Win32
		{982017FD-1BF7-4888-8C08-6AE8B9E882B7}.Debug|x86.Build.0 = Debug|Win32
		{982017FD-1BF7-4888-8C08-6AE8B9E882B7}.Release|x64.ActiveCfg = Release|x64
		{982017FD-1BF7-4888-8C08-6AE8B9E882B7}.Release|x64.Build.0 = Release|x64
		{982017FD-1BF7-4888-8C08-6AE8B9E882B7}.Release|x86.ActiveCfg = Release|Win32
		{982017FD-1BF7-4888-8C08-6AE8B9E882B7}.Release|x86.Build.0 = Release|Win32
		{D06B3669-D099-46F6-8667-EB1BB19C9ED4}.Debug|x64.ActiveCfg = Debug|x64
		{D06B3669-D099-46F6-8667-EB1BB19C9ED4}.Debug|x64.Build.0 = Debug|x64
		{D06B3669-D099-46F6-8667-EB1BB19C9ED4}.Debug|x86.ActiveCfg = Debug|Win32
		{D06B3669-D099-46F6-8667-EB1BB19C9ED4}.Debug|x86.Build.0 = Debug|Win32
		{D06B3669-D099-46F6-8667-EB1BB19C9ED4}.Release|x64.ActiveCfg = Release|x64
		{D06B3669-D099-46F6-8667-EB1BB19C9ED4}.Release|x64.Build.0 = Release|x64
		{D06B3669-D099-46F6-8667-EB1BB19C9ED4}.Release|x86.ActiveCfg = Release|Win32
		{D06B3669-D099-46F6-8667-EB1BB19C9ED4}.Release|x86.Build.0 = Release|Win32
		{A925D76F-E13D-42F7-9C48-B3CF16F0D3F1}.Debug|x64.ActiveCfg = Debug|x64
		{A925D76F-E13D-42F7-9C48-B3CF16F0D3F1}.Debug|x64.Build.0 = Debug|x64
		{A925D76F-E13D-42F7-9C48-B3CF16F0D3F1}.Debug|x86.ActiveCfg = Debug|Win32
		{A925D76F-E13D-42F7-9C48-B3CF16F0D3F1}.Debug|x86.Build.0 = Debug|Win32
		{A925D76F-E13D-42F7-9C48-B3CF16F0D3F1}.Release|x64.ActiveCfg = Release|x64
		{A925D76F-E13D-42F7-9C48-B3CF16F0D3F1}.Release|x64.Build.0 = Release|x64
		{A925D76F-E13D-42F7-9C48-B3CF16F0D3F1}.Release|x86.ActiveCfg = Release|Win32
		{A925D76F-E13D-42F7-9C48-B3CF16F0D3F1}.Release|x86.Build.0 = Release|Win32
		{0F7CF30C-D75B-417F-90F2-14965272172E}.Debug|x64.ActiveCfg = Debug|x64
		{0F7CF30C-D75B-417F-90F2-14965272172E}.Debug|x64.Build.0 = Debug|x64
		{0F7CF30C-D75B-417F-90F2-14965272172E}.Debug|x86.ActiveCfg = Debug|Win32
		{0F7CF30C-D75B-417F-90F2-14965272172E}.Debug|x86.Build.0 = Debug|Win32
		{0F7CF30C-D75B-417F-90F2-14965272172E}.Release|x64.ActiveCfg = Release|x64
		{0F7CF30C-D75B-417F-90F2-14965272172E}.Release|x64.Build.0 = Release|x64
		{0F7CF30C-D75B-417F-90F2-14965272172E}.Release|x86.ActiveCfg = Release|Win32
		{0F7CF30C-D75B-417F-90F2-14965272172E}.Release|x86.Build.0 = Release|Win32
		{E38BCB5C-9F76-4FFA-AC09-F6FF5EB93B31}.Debug|x64.ActiveCfg = Debug|x64
		{E38BCB5C-9F76-4FFA-AC09-F6FF5EB93B31}.Debug|x64.Build.0 = Debug|x64
		{E38BCB5C-9F76-4FFA-AC09-F6FF5EB93B31}.Debug|x86.ActiveCfg = Debug|Win32
		{E38BCB5C-9F76-4FFA-AC09-F6FF5EB93B31}.Debug|x86.Build.0 = Debug|Win32
		{E38BCB5C-9F76-4FFA-AC09-F6FF5EB93B31}.Release|x64.ActiveCfg = Release|x64
		{E38BCB5C-9F76-4FFA-AC09-F6FF5EB93B31}.Release|x64.Build.0 = Release|x64
		{E38BCB5C-9F76-4FFA-AC09-F6FF5EB93B31}.Release|x86.ActiveCfg = Release|Win32
		{E38BCB5C-9F76-4FFA-AC09-F6FF5EB93B31}.Release|x86.Build.0 = Release|Win32
		{148D7A13-6400-4C81-8196-D813A30BE02B}.Debug|x64.ActiveCfg = Debug|x64
		{148D7A13-6400-4C81-8196-D813A30BE02B}.Debug|x64.Build.0 = Debug|x64
		{148D7A13-6400-4C81-8196-D813A30BE02B}.Debug|x86.ActiveCfg = Debug|Win32
		{148D7A13-6400-4C81-8196-D813A30BE02B}.Debug|x86.Build.0 = Debug|Win32
		{148D7A13-6400-4C81-8196-D813A30BE02B}.Release|x64.ActiveCfg = Release|x64
		{148D7A13-6400-4C81-8196-D813A30BE02B}.Release|x64.Build.0 = Release|x64
		{148D7A13-6400-4C81-8196-D813A30BE02B}.Release|x86.ActiveCfg = Release|Win32
		{148D7A13-6400-4C81-8196-D813A30BE02B}.Release|x86.Build.0 = Release|Win32
		{54645B3C-8E5C-408D-BF8A-D3EB3287C38A}.Debug|x64.ActiveCfg = Debug|x64
		{54645B3C-8E5C-408D-BF8A-D3EB3287C38A}.Debug|x64.Build.0 = Debug|x64
		{54645B3C-8E5C-408D-BF8A-D3EB3287C38A}.Debug|x86.ActiveCfg = Debug|Win32
		{54645B3C-8E5C-408D-BF8A-D3EB3287C38A}.Debug|x86.Build.0 = Debug|Win32
		{54645B3C-8E5C-408D-BF8A-D3EB3287C38A}.Release|x64.ActiveCfg = Release|x64
		{54645B3C-8E5C-408D-BF8A-D3EB3287C38A}.Release|x64.Build.0 = Release|x64
		{54645B3C-8E5C-408D-BF8A-D3EB3287C38A}.Release|x86.ActiveCfg = Release|Win32
		{54645B3C-8E5C-408D-BF8A-D3EB3287C38A}.Release|x86.Build.0 = Release|Win32
	EndGlobalSection
	GlobalSection(SolutionProperties) = preSolution
		HideSolutionNode = FALSE
	EndGlobalSection
	GlobalSection(NestedProjects) = preSolution
		{00FCE58C-95DB-41E4-9E33-20459A632D8E} = {B9ADC0AC-485B-4773-80CD-1AFB352D6823}
		{982017FD-1BF7-4888-8C08-6AE8B9E882B7} = {B9ADC0AC-485B-4773-80CD-1AFB352D6823}
		{D06B3669-D099-46F6-8667-EB1BB19C9ED4} = {B9ADC0AC-485B-4773-80CD-1AFB352D6823}
		{A925D76F-E13D-42F7-9C48-B3CF16F0D3F1} = {B9ADC0AC-485B-4773-80CD-1AFB352D6823}
		{0F7CF30C-D75B-417F-90F2-14965272172E} = {0298746B-2C36-47D8-9A34-D813E183E701}
		{E38BCB5C-9F76-4FFA-AC09-F6FF5EB93B31} = {0298746B-2C36-47D8-9A34-D813E183E701}
		{148D7A13-6400-4C81-8196-D813A30BE02B} = {0298746B-2C36-47D8-9A34-D813E183E701}
		{54645B3C-8E5C-408D-BF8A-D3EB3287C38A} = {0298746B-2C36-47D8-9A34-D813E183E701}
	EndGlobalSection
EndGlobal
